
Microsoft Visual Studio Solution File, Format Version 12.00
# Visual Studio Version 17
VisualStudioVersion = 17.6.33723.286
MinimumVisualStudioVersion = 10.0.40219.1
Project("{FAE04EC0-301F-11D3-BF4B-00C04F79EFBC}") = "C# GUI with Pickit", "C# GUI with Pickit\C# GUI with Pickit.csproj", "{22CD4E98-6B31-47CB-8FB1-EC63AB39F28B}"
EndProject
Global
	GlobalSection(SolutionConfigurationPlatforms) = preSolution
		Debug|Any CPU = Debug|Any CPU
		Release|Any CPU = Release|Any CPU
	EndGlobalSection
	GlobalSection(ProjectConfigurationPlatforms) = postSolution
		{22CD4E98-6B31-47CB-8FB1-EC63AB39F28B}.Debug|Any CPU.ActiveCfg = Debug|Any CPU
		{22CD4E98-6B31-47CB-8FB1-EC63AB39F28B}.Debug|Any CPU.Build.0 = Debug|Any CPU
		{22CD4E98-6B31-47CB-8FB1-EC63AB39F28B}.Release|Any CPU.ActiveCfg = Release|Any CPU
		{22CD4E98-6B31-47CB-8FB1-EC63AB39F28B}.Release|Any CPU.Build.0 = Release|Any CPU
	EndGlobalSection
	GlobalSection(SolutionProperties) = preSolution
		HideSolutionNode = FALSE
	EndGlobalSection
	GlobalSection(ExtensibilityGlobals) = postSolution
		SolutionGuid = {66E43463-C430-4D6E-BF55-C8F02ADAEDDA}
	EndGlobalSection
EndGlobal
